
Microsoft Visual Studio Solution File, Format Version 12.00
# Visual Studio Version 16
VisualStudioVersion = 16.0.31424.327
MinimumVisualStudioVersion = 10.0.40219.1
Project("{FAE04EC0-301F-11D3-BF4B-00C04F79EFBC}") = "krnlss", "krnlss\krnlss.csproj", "{8206B73A-00AC-4880-ADA6-37507D7BAC12}"
EndProject
Global
	GlobalSection(SolutionConfigurationPlatforms) = preSolution
		Debug|Any CPU = Debug|Any CPU
		Debug|x86 = Debug|x86
		Release|Any CPU = Release|Any CPU
		Release|x86 = Release|x86
	EndGlobalSection
	GlobalSection(ProjectConfigurationPlatforms) = postSolution
		{8206B73A-00AC-4880-ADA6-37507D7BAC12}.Debug|Any CPU.ActiveCfg = Debug|Any CPU
		{8206B73A-00AC-4880-ADA6-37507D7BAC12}.Debug|Any CPU.Build.0 = Debug|Any CPU
		{8206B73A-00AC-4880-ADA6-37507D7BAC12}.Debug|x86.ActiveCfg = Debug|x86
		{8206B73A-00AC-4880-ADA6-37507D7BAC12}.Debug|x86.Build.0 = Debug|x86
		{8206B73A-00AC-4880-ADA6-37507D7BAC12}.Release|Any CPU.ActiveCfg = Release|Any CPU
		{8206B73A-00AC-4880-ADA6-37507D7BAC12}.Release|Any CPU.Build.0 = Release|Any CPU
		{8206B73A-00AC-4880-ADA6-37507D7BAC12}.Release|x86.ActiveCfg = Release|x86
		{8206B73A-00AC-4880-ADA6-37507D7BAC12}.Release|x86.Build.0 = Release|x86
	EndGlobalSection
	GlobalSection(SolutionProperties) = preSolution
		HideSolutionNode = FALSE
	EndGlobalSection
	GlobalSection(ExtensibilityGlobals) = postSolution
		SolutionGuid = {B0FEA078-28A8-403E-B666-399552DE605F}
	EndGlobalSection
EndGlobal
